
Microsoft Visual Studio Solution File, Format Version 12.00
# Visual Studio Version 17
VisualStudioVersion = 17.3.32922.545
MinimumVisualStudioVersion = 10.0.40219.1
Project("{FAE04EC0-301F-11D3-BF4B-00C04F79EFBC}") = "AvaloniaTreeViewTemplates", "AvaloniaTreeViewTemplates.csproj", "{C9EAF7EF-665C-4925-B03B-7C894C836FF4}"
EndProject
Global
	GlobalSection(SolutionConfigurationPlatforms) = preSolution
		Debug|Any CPU = Debug|Any CPU
		Release|Any CPU = Release|Any CPU
	EndGlobalSection
	GlobalSection(ProjectConfigurationPlatforms) = postSolution
		{C9EAF7EF-665C-4925-B03B-7C894C836FF4}.Debug|Any CPU.ActiveCfg = Debug|Any CPU
		{C9EAF7EF-665C-4925-B03B-7C894C836FF4}.Debug|Any CPU.Build.0 = Debug|Any CPU
		{C9EAF7EF-665C-4925-B03B-7C894C836FF4}.Release|Any CPU.ActiveCfg = Release|Any CPU
		{C9EAF7EF-665C-4925-B03B-7C894C836FF4}.Release|Any CPU.Build.0 = Release|Any CPU
	EndGlobalSection
	GlobalSection(SolutionProperties) = preSolution
		HideSolutionNode = FALSE
	EndGlobalSection
	GlobalSection(ExtensibilityGlobals) = postSolution
		SolutionGuid = {A1536D6F-C3E9-457A-90F7-E02D744FC8DC}
	EndGlobalSection
EndGlobal
